
Microsoft Visual Studio Solution File, Format Version 12.00
# Visual Studio 14
VisualStudioVersion = 14.0.25420.1
MinimumVisualStudioVersion = 10.0.40219.1
Project("{FAE04EC0-301F-11D3-BF4B-00C04F79EFBC}") = "EmployeesApp", "EmployeesApp\EmployeesApp.csproj", "{B9966589-09E7-4310-869F-A704D11AB1DE}"
EndProject
Project("{FAE04EC0-301F-11D3-BF4B-00C04F79EFBC}") = "Nortthwind", "Nortthwind\Nortthwind.csproj", "{DBFD0F20-290F-4968-86E3-05F7471B6788}"
EndProject
Global
	GlobalSection(SolutionConfigurationPlatforms) = preSolution
		Debug|Any CPU = Debug|Any CPU
		Release|Any CPU = Release|Any CPU
	EndGlobalSection
	GlobalSection(ProjectConfigurationPlatforms) = postSolution
		{B9966589-09E7-4310-869F-A704D11AB1DE}.Debug|Any CPU.ActiveCfg = Debug|Any CPU
		{B9966589-09E7-4310-869F-A704D11AB1DE}.Debug|Any CPU.Build.0 = Debug|Any CPU
		{B9966589-09E7-4310-869F-A704D11AB1DE}.Release|Any CPU.ActiveCfg = Release|Any CPU
		{B9966589-09E7-4310-869F-A704D11AB1DE}.Release|Any CPU.Build.0 = Release|Any CPU
		{DBFD0F20-290F-4968-86E3-05F7471B6788}.Debug|Any CPU.ActiveCfg = Debug|Any CPU
		{DBFD0F20-290F-4968-86E3-05F7471B6788}.Debug|Any CPU.Build.0 = Debug|Any CPU
		{DBFD0F20-290F-4968-86E3-05F7471B6788}.Release|Any CPU.ActiveCfg = Release|Any CPU
		{DBFD0F20-290F-4968-86E3-05F7471B6788}.Release|Any CPU.Build.0 = Release|Any CPU
	EndGlobalSection
	GlobalSection(SolutionProperties) = preSolution
		HideSolutionNode = FALSE
	EndGlobalSection
EndGlobal
