
Microsoft Visual Studio Solution File, Format Version 12.00
# Visual Studio 14
VisualStudioVersion = 14.0.24720.0
MinimumVisualStudioVersion = 10.0.40219.1
Project("{FAE04EC0-301F-11D3-BF4B-00C04F79EFBC}") = "SingletonPattern", "SingletonPattern\SingletonPattern.csproj", "{DA06FBF3-495A-4D17-9F12-6DD913B7FA06}"
EndProject
Project("{FAE04EC0-301F-11D3-BF4B-00C04F79EFBC}") = "AbstractFactoryPattern", "AbstractFactoryPattern\AbstractFactoryPattern.csproj", "{35BE99B0-56F1-455A-9050-C10CACA8DE21}"
EndProject
Project("{FAE04EC0-301F-11D3-BF4B-00C04F79EFBC}") = "PrototypePattern", "PrototypePattern\PrototypePattern.csproj", "{A9A07603-9D15-4866-8389-3D8625C4CE58}"
EndProject
Global
	GlobalSection(SolutionConfigurationPlatforms) = preSolution
		Debug|Any CPU = Debug|Any CPU
		Release|Any CPU = Release|Any CPU
	EndGlobalSection
	GlobalSection(ProjectConfigurationPlatforms) = postSolution
		{DA06FBF3-495A-4D17-9F12-6DD913B7FA06}.Debug|Any CPU.ActiveCfg = Debug|Any CPU
		{DA06FBF3-495A-4D17-9F12-6DD913B7FA06}.Debug|Any CPU.Build.0 = Debug|Any CPU
		{DA06FBF3-495A-4D17-9F12-6DD913B7FA06}.Release|Any CPU.ActiveCfg = Release|Any CPU
		{DA06FBF3-495A-4D17-9F12-6DD913B7FA06}.Release|Any CPU.Build.0 = Release|Any CPU
		{35BE99B0-56F1-455A-9050-C10CACA8DE21}.Debug|Any CPU.ActiveCfg = Debug|Any CPU
		{35BE99B0-56F1-455A-9050-C10CACA8DE21}.Debug|Any CPU.Build.0 = Debug|Any CPU
		{35BE99B0-56F1-455A-9050-C10CACA8DE21}.Release|Any CPU.ActiveCfg = Release|Any CPU
		{35BE99B0-56F1-455A-9050-C10CACA8DE21}.Release|Any CPU.Build.0 = Release|Any CPU
		{A9A07603-9D15-4866-8389-3D8625C4CE58}.Debug|Any CPU.ActiveCfg = Debug|Any CPU
		{A9A07603-9D15-4866-8389-3D8625C4CE58}.Debug|Any CPU.Build.0 = Debug|Any CPU
		{A9A07603-9D15-4866-8389-3D8625C4CE58}.Release|Any CPU.ActiveCfg = Release|Any CPU
		{A9A07603-9D15-4866-8389-3D8625C4CE58}.Release|Any CPU.Build.0 = Release|Any CPU
	EndGlobalSection
	GlobalSection(SolutionProperties) = preSolution
		HideSolutionNode = FALSE
	EndGlobalSection
EndGlobal
