
Microsoft Visual Studio Solution File, Format Version 12.00
# Visual Studio 14
VisualStudioVersion = 14.0.24720.0
MinimumVisualStudioVersion = 10.0.40219.1
Project("{FAE04EC0-301F-11D3-BF4B-00C04F79EFBC}") = "ExtractArtists", "ExtractArtists\ExtractArtists.csproj", "{3E51051F-972F-4D1C-8B9E-3580294DA040}"
EndProject
Project("{FAE04EC0-301F-11D3-BF4B-00C04F79EFBC}") = "ExtractArtistsXPath", "ExtractArtistsXPath\ExtractArtistsXPath.csproj", "{EDDC627A-7476-428E-9D02-98FB42BA90D8}"
EndProject
Project("{FAE04EC0-301F-11D3-BF4B-00C04F79EFBC}") = "DeleteAlbums", "DeleteAlbums\DeleteAlbums.csproj", "{E55A4967-C32D-485A-9D25-4F86FDAB18AD}"
EndProject
Project("{FAE04EC0-301F-11D3-BF4B-00C04F79EFBC}") = "ExtractSongs", "ExtractSongs\ExtractSongs.csproj", "{3E4367CA-87C8-455C-9C55-279F97A34E2C}"
EndProject
Project("{FAE04EC0-301F-11D3-BF4B-00C04F79EFBC}") = "ExtractAlbums", "ExtractAlbums\ExtractAlbums.csproj", "{9857EC69-C018-480B-9FA7-255C9486258A}"
EndProject
Project("{FAE04EC0-301F-11D3-BF4B-00C04F79EFBC}") = "ExportXmlFromTextFile", "ExportXmlFromTextFile\ExportXmlFromTextFile.csproj", "{82965B21-5D49-4347-A2CB-870B50C45499}"
EndProject
Project("{FAE04EC0-301F-11D3-BF4B-00C04F79EFBC}") = "ExtractAlbumsByYear", "ExtractAlbumsByYear\ExtractAlbumsByYear.csproj", "{8F2CC7B1-E6CE-402A-B076-FA61C6B4A24D}"
EndProject
Project("{FAE04EC0-301F-11D3-BF4B-00C04F79EFBC}") = "ValidateXmlFiles", "ValidateXmlFiles\ValidateXmlFiles.csproj", "{5CCB0952-4D7B-4B3A-B50C-C1248EEF7512}"
EndProject
Global
	GlobalSection(SolutionConfigurationPlatforms) = preSolution
		Debug|Any CPU = Debug|Any CPU
		Release|Any CPU = Release|Any CPU
	EndGlobalSection
	GlobalSection(ProjectConfigurationPlatforms) = postSolution
		{3E51051F-972F-4D1C-8B9E-3580294DA040}.Debug|Any CPU.ActiveCfg = Debug|Any CPU
		{3E51051F-972F-4D1C-8B9E-3580294DA040}.Debug|Any CPU.Build.0 = Debug|Any CPU
		{3E51051F-972F-4D1C-8B9E-3580294DA040}.Release|Any CPU.ActiveCfg = Release|Any CPU
		{3E51051F-972F-4D1C-8B9E-3580294DA040}.Release|Any CPU.Build.0 = Release|Any CPU
		{EDDC627A-7476-428E-9D02-98FB42BA90D8}.Debug|Any CPU.ActiveCfg = Debug|Any CPU
		{EDDC627A-7476-428E-9D02-98FB42BA90D8}.Debug|Any CPU.Build.0 = Debug|Any CPU
		{EDDC627A-7476-428E-9D02-98FB42BA90D8}.Release|Any CPU.ActiveCfg = Release|Any CPU
		{EDDC627A-7476-428E-9D02-98FB42BA90D8}.Release|Any CPU.Build.0 = Release|Any CPU
		{E55A4967-C32D-485A-9D25-4F86FDAB18AD}.Debug|Any CPU.ActiveCfg = Debug|Any CPU
		{E55A4967-C32D-485A-9D25-4F86FDAB18AD}.Debug|Any CPU.Build.0 = Debug|Any CPU
		{E55A4967-C32D-485A-9D25-4F86FDAB18AD}.Release|Any CPU.ActiveCfg = Release|Any CPU
		{E55A4967-C32D-485A-9D25-4F86FDAB18AD}.Release|Any CPU.Build.0 = Release|Any CPU
		{3E4367CA-87C8-455C-9C55-279F97A34E2C}.Debug|Any CPU.ActiveCfg = Debug|Any CPU
		{3E4367CA-87C8-455C-9C55-279F97A34E2C}.Debug|Any CPU.Build.0 = Debug|Any CPU
		{3E4367CA-87C8-455C-9C55-279F97A34E2C}.Release|Any CPU.ActiveCfg = Release|Any CPU
		{3E4367CA-87C8-455C-9C55-279F97A34E2C}.Release|Any CPU.Build.0 = Release|Any CPU
		{9857EC69-C018-480B-9FA7-255C9486258A}.Debug|Any CPU.ActiveCfg = Debug|Any CPU
		{9857EC69-C018-480B-9FA7-255C9486258A}.Debug|Any CPU.Build.0 = Debug|Any CPU
		{9857EC69-C018-480B-9FA7-255C9486258A}.Release|Any CPU.ActiveCfg = Release|Any CPU
		{9857EC69-C018-480B-9FA7-255C9486258A}.Release|Any CPU.Build.0 = Release|Any CPU
		{82965B21-5D49-4347-A2CB-870B50C45499}.Debug|Any CPU.ActiveCfg = Debug|Any CPU
		{82965B21-5D49-4347-A2CB-870B50C45499}.Debug|Any CPU.Build.0 = Debug|Any CPU
		{82965B21-5D49-4347-A2CB-870B50C45499}.Release|Any CPU.ActiveCfg = Release|Any CPU
		{82965B21-5D49-4347-A2CB-870B50C45499}.Release|Any CPU.Build.0 = Release|Any CPU
		{8F2CC7B1-E6CE-402A-B076-FA61C6B4A24D}.Debug|Any CPU.ActiveCfg = Debug|Any CPU
		{8F2CC7B1-E6CE-402A-B076-FA61C6B4A24D}.Debug|Any CPU.Build.0 = Debug|Any CPU
		{8F2CC7B1-E6CE-402A-B076-FA61C6B4A24D}.Release|Any CPU.ActiveCfg = Release|Any CPU
		{8F2CC7B1-E6CE-402A-B076-FA61C6B4A24D}.Release|Any CPU.Build.0 = Release|Any CPU
		{5CCB0952-4D7B-4B3A-B50C-C1248EEF7512}.Debug|Any CPU.ActiveCfg = Debug|Any CPU
		{5CCB0952-4D7B-4B3A-B50C-C1248EEF7512}.Debug|Any CPU.Build.0 = Debug|Any CPU
		{5CCB0952-4D7B-4B3A-B50C-C1248EEF7512}.Release|Any CPU.ActiveCfg = Release|Any CPU
		{5CCB0952-4D7B-4B3A-B50C-C1248EEF7512}.Release|Any CPU.Build.0 = Release|Any CPU
	EndGlobalSection
	GlobalSection(SolutionProperties) = preSolution
		HideSolutionNode = FALSE
	EndGlobalSection
EndGlobal
