
Microsoft Visual Studio Solution File, Format Version 12.00
# Visual Studio 14
VisualStudioVersion = 14.0.24720.0
MinimumVisualStudioVersion = 10.0.40219.1
Project("{FAE04EC0-301F-11D3-BF4B-00C04F79EFBC}") = "Abstraction", "Abstraction\Abstraction.csproj", "{3218ECA2-1601-4390-8CE1-FE9DB4AEF2BF}"
EndProject
Project("{FAE04EC0-301F-11D3-BF4B-00C04F79EFBC}") = "CohesionAndCoupling", "CohesionAndCoupling\CohesionAndCoupling.csproj", "{B15E893E-2FC3-4123-88F1-DE29F60A70F9}"
EndProject
Project("{FAE04EC0-301F-11D3-BF4B-00C04F79EFBC}") = "InheritanceAndPolymorphism", "InheritanceAndPolymorphism\InheritanceAndPolymorphism.csproj", "{B43718E2-8B63-439B-99D7-9EBB98CE3E40}"
EndProject
Global
	GlobalSection(SolutionConfigurationPlatforms) = preSolution
		Debug|Any CPU = Debug|Any CPU
		Release|Any CPU = Release|Any CPU
	EndGlobalSection
	GlobalSection(ProjectConfigurationPlatforms) = postSolution
		{3218ECA2-1601-4390-8CE1-FE9DB4AEF2BF}.Debug|Any CPU.ActiveCfg = Debug|Any CPU
		{3218ECA2-1601-4390-8CE1-FE9DB4AEF2BF}.Debug|Any CPU.Build.0 = Debug|Any CPU
		{3218ECA2-1601-4390-8CE1-FE9DB4AEF2BF}.Release|Any CPU.ActiveCfg = Release|Any CPU
		{3218ECA2-1601-4390-8CE1-FE9DB4AEF2BF}.Release|Any CPU.Build.0 = Release|Any CPU
		{B15E893E-2FC3-4123-88F1-DE29F60A70F9}.Debug|Any CPU.ActiveCfg = Debug|Any CPU
		{B15E893E-2FC3-4123-88F1-DE29F60A70F9}.Debug|Any CPU.Build.0 = Debug|Any CPU
		{B15E893E-2FC3-4123-88F1-DE29F60A70F9}.Release|Any CPU.ActiveCfg = Release|Any CPU
		{B15E893E-2FC3-4123-88F1-DE29F60A70F9}.Release|Any CPU.Build.0 = Release|Any CPU
		{B43718E2-8B63-439B-99D7-9EBB98CE3E40}.Debug|Any CPU.ActiveCfg = Debug|Any CPU
		{B43718E2-8B63-439B-99D7-9EBB98CE3E40}.Debug|Any CPU.Build.0 = Debug|Any CPU
		{B43718E2-8B63-439B-99D7-9EBB98CE3E40}.Release|Any CPU.ActiveCfg = Release|Any CPU
		{B43718E2-8B63-439B-99D7-9EBB98CE3E40}.Release|Any CPU.Build.0 = Release|Any CPU
	EndGlobalSection
	GlobalSection(SolutionProperties) = preSolution
		HideSolutionNode = FALSE
	EndGlobalSection
EndGlobal
