
Microsoft Visual Studio Solution File, Format Version 12.00
# Visual Studio 14
VisualStudioVersion = 14.0.24720.0
MinimumVisualStudioVersion = 10.0.40219.1
Project("{FAE04EC0-301F-11D3-BF4B-00C04F79EFBC}") = "CompanySampleData", "CompanySampleData\CompanySampleData.csproj", "{329BC424-62AC-4A46-8799-1F65CCAA1953}"
EndProject
Project("{FAE04EC0-301F-11D3-BF4B-00C04F79EFBC}") = "CompanySampleImporter", "CompanySampleImporter\CompanySampleImporter.csproj", "{6C866E0B-C7C3-4451-8965-7355A5DE95B9}"
EndProject
Global
	GlobalSection(SolutionConfigurationPlatforms) = preSolution
		Debug|Any CPU = Debug|Any CPU
		Release|Any CPU = Release|Any CPU
	EndGlobalSection
	GlobalSection(ProjectConfigurationPlatforms) = postSolution
		{329BC424-62AC-4A46-8799-1F65CCAA1953}.Debug|Any CPU.ActiveCfg = Debug|Any CPU
		{329BC424-62AC-4A46-8799-1F65CCAA1953}.Debug|Any CPU.Build.0 = Debug|Any CPU
		{329BC424-62AC-4A46-8799-1F65CCAA1953}.Release|Any CPU.ActiveCfg = Release|Any CPU
		{329BC424-62AC-4A46-8799-1F65CCAA1953}.Release|Any CPU.Build.0 = Release|Any CPU
		{6C866E0B-C7C3-4451-8965-7355A5DE95B9}.Debug|Any CPU.ActiveCfg = Debug|Any CPU
		{6C866E0B-C7C3-4451-8965-7355A5DE95B9}.Debug|Any CPU.Build.0 = Debug|Any CPU
		{6C866E0B-C7C3-4451-8965-7355A5DE95B9}.Release|Any CPU.ActiveCfg = Release|Any CPU
		{6C866E0B-C7C3-4451-8965-7355A5DE95B9}.Release|Any CPU.Build.0 = Release|Any CPU
	EndGlobalSection
	GlobalSection(SolutionProperties) = preSolution
		HideSolutionNode = FALSE
	EndGlobalSection
EndGlobal
