
Microsoft Visual Studio Solution File, Format Version 12.00
# Visual Studio 14
VisualStudioVersion = 14.0.24720.0
MinimumVisualStudioVersion = 10.0.40219.1
Project("{FAE04EC0-301F-11D3-BF4B-00C04F79EFBC}") = "MediatorPattern", "MediatorPattern\MediatorPattern.csproj", "{7E47DA7F-0A0E-4514-8F8C-4CAD4AA11180}"
EndProject
Project("{FAE04EC0-301F-11D3-BF4B-00C04F79EFBC}") = "TemplateMethodPattern", "TemplateMethodPattern\TemplateMethodPattern.csproj", "{C00BFF13-01D7-49F1-A08B-DEAD040D02AB}"
EndProject
Project("{FAE04EC0-301F-11D3-BF4B-00C04F79EFBC}") = "MementoPattern", "MementoPattern\MementoPattern.csproj", "{5B4DA8E1-EA8F-4006-B4DF-E551944CDC85}"
EndProject
Global
	GlobalSection(SolutionConfigurationPlatforms) = preSolution
		Debug|Any CPU = Debug|Any CPU
		Release|Any CPU = Release|Any CPU
	EndGlobalSection
	GlobalSection(ProjectConfigurationPlatforms) = postSolution
		{7E47DA7F-0A0E-4514-8F8C-4CAD4AA11180}.Debug|Any CPU.ActiveCfg = Debug|Any CPU
		{7E47DA7F-0A0E-4514-8F8C-4CAD4AA11180}.Debug|Any CPU.Build.0 = Debug|Any CPU
		{7E47DA7F-0A0E-4514-8F8C-4CAD4AA11180}.Release|Any CPU.ActiveCfg = Release|Any CPU
		{7E47DA7F-0A0E-4514-8F8C-4CAD4AA11180}.Release|Any CPU.Build.0 = Release|Any CPU
		{C00BFF13-01D7-49F1-A08B-DEAD040D02AB}.Debug|Any CPU.ActiveCfg = Debug|Any CPU
		{C00BFF13-01D7-49F1-A08B-DEAD040D02AB}.Debug|Any CPU.Build.0 = Debug|Any CPU
		{C00BFF13-01D7-49F1-A08B-DEAD040D02AB}.Release|Any CPU.ActiveCfg = Release|Any CPU
		{C00BFF13-01D7-49F1-A08B-DEAD040D02AB}.Release|Any CPU.Build.0 = Release|Any CPU
		{5B4DA8E1-EA8F-4006-B4DF-E551944CDC85}.Debug|Any CPU.ActiveCfg = Debug|Any CPU
		{5B4DA8E1-EA8F-4006-B4DF-E551944CDC85}.Debug|Any CPU.Build.0 = Debug|Any CPU
		{5B4DA8E1-EA8F-4006-B4DF-E551944CDC85}.Release|Any CPU.ActiveCfg = Release|Any CPU
		{5B4DA8E1-EA8F-4006-B4DF-E551944CDC85}.Release|Any CPU.Build.0 = Release|Any CPU
	EndGlobalSection
	GlobalSection(SolutionProperties) = preSolution
		HideSolutionNode = FALSE
	EndGlobalSection
EndGlobal
