
Microsoft Visual Studio Solution File, Format Version 12.00
# Visual Studio 14
VisualStudioVersion = 14.0.24720.0
MinimumVisualStudioVersion = 10.0.40219.1
Project("{FAE04EC0-301F-11D3-BF4B-00C04F79EFBC}") = "Dealership", "Dealership\Dealership.csproj", "{24E08505-35F4-4CD2-8826-32D530DF8632}"
EndProject
Project("{FAE04EC0-301F-11D3-BF4B-00C04F79EFBC}") = "Dealership.Tests", "Dealership.Tests\Dealership.Tests.csproj", "{30BDB03C-7885-45A6-B888-39553626BEDE}"
EndProject
Global
	GlobalSection(SolutionConfigurationPlatforms) = preSolution
		Debug|Any CPU = Debug|Any CPU
		Release|Any CPU = Release|Any CPU
	EndGlobalSection
	GlobalSection(ProjectConfigurationPlatforms) = postSolution
		{24E08505-35F4-4CD2-8826-32D530DF8632}.Debug|Any CPU.ActiveCfg = Debug|Any CPU
		{24E08505-35F4-4CD2-8826-32D530DF8632}.Debug|Any CPU.Build.0 = Debug|Any CPU
		{24E08505-35F4-4CD2-8826-32D530DF8632}.Release|Any CPU.ActiveCfg = Release|Any CPU
		{24E08505-35F4-4CD2-8826-32D530DF8632}.Release|Any CPU.Build.0 = Release|Any CPU
		{30BDB03C-7885-45A6-B888-39553626BEDE}.Debug|Any CPU.ActiveCfg = Debug|Any CPU
		{30BDB03C-7885-45A6-B888-39553626BEDE}.Debug|Any CPU.Build.0 = Debug|Any CPU
		{30BDB03C-7885-45A6-B888-39553626BEDE}.Release|Any CPU.ActiveCfg = Release|Any CPU
		{30BDB03C-7885-45A6-B888-39553626BEDE}.Release|Any CPU.Build.0 = Release|Any CPU
	EndGlobalSection
	GlobalSection(SolutionProperties) = preSolution
		HideSolutionNode = FALSE
	EndGlobalSection
EndGlobal
