
Microsoft Visual Studio Solution File, Format Version 12.00
# Visual Studio 14
VisualStudioVersion = 14.0.24720.0
MinimumVisualStudioVersion = 10.0.40219.1
Project("{FAE04EC0-301F-11D3-BF4B-00C04F79EFBC}") = "CarHomework", "CarHomework\CarHomework.csproj", "{F1DE376A-73E3-4F41-8CEA-A59E354719AF}"
EndProject
Project("{FAE04EC0-301F-11D3-BF4B-00C04F79EFBC}") = "Cars.Tests.JustMock", "Cars.Tests.JustMock\Cars.Tests.JustMock.csproj", "{0FDE6B5F-CCB3-42EB-9105-943AE0D72695}"
EndProject
Global
	GlobalSection(SolutionConfigurationPlatforms) = preSolution
		Debug|Any CPU = Debug|Any CPU
		Release|Any CPU = Release|Any CPU
	EndGlobalSection
	GlobalSection(ProjectConfigurationPlatforms) = postSolution
		{F1DE376A-73E3-4F41-8CEA-A59E354719AF}.Debug|Any CPU.ActiveCfg = Debug|Any CPU
		{F1DE376A-73E3-4F41-8CEA-A59E354719AF}.Debug|Any CPU.Build.0 = Debug|Any CPU
		{F1DE376A-73E3-4F41-8CEA-A59E354719AF}.Release|Any CPU.ActiveCfg = Release|Any CPU
		{F1DE376A-73E3-4F41-8CEA-A59E354719AF}.Release|Any CPU.Build.0 = Release|Any CPU
		{0FDE6B5F-CCB3-42EB-9105-943AE0D72695}.Debug|Any CPU.ActiveCfg = Debug|Any CPU
		{0FDE6B5F-CCB3-42EB-9105-943AE0D72695}.Debug|Any CPU.Build.0 = Debug|Any CPU
		{0FDE6B5F-CCB3-42EB-9105-943AE0D72695}.Release|Any CPU.ActiveCfg = Release|Any CPU
		{0FDE6B5F-CCB3-42EB-9105-943AE0D72695}.Release|Any CPU.Build.0 = Release|Any CPU
	EndGlobalSection
	GlobalSection(SolutionProperties) = preSolution
		HideSolutionNode = FALSE
	EndGlobalSection
EndGlobal
